# This file was autogenerated by Stack.
# You should not edit this file by hand.
# For more information, please see the documentation at:
#   https://docs.haskellstack.org/en/stable/lock_files

packages:
- completed:
    subdir: package
    cabal-file:
      size: 3313
      sha256: 6e1f193d688667120387433526418b49ace776afd7403b2bafaed40a2a5f1e01
    name: sparse-tensor
    version: '0.3'
    git: https://github.com/nilsalex/sparse-tensor.git
    pantry-tree:
      size: 1358
      sha256: 61d9699f10cef2e76067989e652992517f4bed66c6e6093925f57c2864ee0ab8
    commit: 0c4c48261e197e17be73bd72d58cb61eed170bc3
  original:
    subdir: package
    git: https://github.com/nilsalex/sparse-tensor.git
    commit: 0c4c48261e197e17be73bd72d58cb61eed170bc3
snapshots:
- completed:
    size: 468735
    url: https://raw.githubusercontent.com/commercialhaskell/stackage-snapshots/master/nightly/2020/1/25.yaml
    sha256: 191ce765b625c0b0bbda9c9105ed7fc32127ac7b4d662696b43792e645c6a362
  original: nightly-2020-01-25
