# This file was autogenerated by Stack.
# You should not edit this file by hand.
# For more information, please see the documentation at:
#   https://docs.haskellstack.org/en/stable/lock_files

packages:
- completed:
    subdir: package
    name: sparse-tensor
    version: '0.3'
    git: https://github.com/nilsalex/sparse-tensor.git
    pantry-tree:
      size: 1358
      sha256: 17ea4cc17b26328d071eafd6135f1cd0bceb7702f05cae12f804eebe48f5f95d
    commit: 6e1dbc8194c00e1a4aa29e86e65284740e8ace85
  original:
    subdir: package
    git: https://github.com/nilsalex/sparse-tensor.git
    commit: 6e1dbc8194c00e1a4aa29e86e65284740e8ace85
snapshots:
- completed:
    size: 568887
    url: https://raw.githubusercontent.com/commercialhaskell/stackage-snapshots/master/nightly/2021/2/27.yaml
    sha256: e753860a88b2abb808fdfa9a191d7f331cbf62da78f2951d20cb1fe91fbc5f50
  original: nightly-2021-02-27
