# This file was autogenerated by Stack.
# You should not edit this file by hand.
# For more information, please see the documentation at:
#   https://docs.haskellstack.org/en/stable/lock_files

packages:
- completed:
    subdir: package
    cabal-file:
      size: 3313
      sha256: 2290aae3a32a36824efb15b63dfddb39c6fbf1c71979c5a5d9da6d314d2e70e2
    name: sparse-tensor
    version: '0.3'
    git: https://github.com/nilsalex/sparse-tensor.git
    pantry-tree:
      size: 1358
      sha256: 1d1850633785e42d8bd96a755147dfd783e46ef7c1fc873ddbe09f2310b10dd2
    commit: e72e9a60b5f0a5c8f944c1c4836b8d8e5419deb3
  original:
    subdir: package
    git: https://github.com/nilsalex/sparse-tensor.git
    commit: e72e9a60b5f0a5c8f944c1c4836b8d8e5419deb3
snapshots:
- completed:
    size: 491372
    url: https://raw.githubusercontent.com/commercialhaskell/stackage-snapshots/master/lts/15/5.yaml
    sha256: 1b549cfff328040c382a70a84a2087aac8dab6d778bf92f32a93a771a1980dfc
  original: lts-15.5
