# This file was autogenerated by Stack.
# You should not edit this file by hand.
# For more information, please see the documentation at:
#   https://docs.haskellstack.org/en/stable/lock_files

packages:
- completed:
    subdir: package
    name: sparse-tensor
    version: '0.3'
    git: https://github.com/nilsalex/sparse-tensor.git
    pantry-tree:
      size: 1358
      sha256: 17ea4cc17b26328d071eafd6135f1cd0bceb7702f05cae12f804eebe48f5f95d
    commit: 6e1dbc8194c00e1a4aa29e86e65284740e8ace85
  original:
    subdir: package
    git: https://github.com/nilsalex/sparse-tensor.git
    commit: 6e1dbc8194c00e1a4aa29e86e65284740e8ace85
snapshots:
- completed:
    size: 506369
    url: https://raw.githubusercontent.com/commercialhaskell/stackage-snapshots/master/nightly/2020/7/4.yaml
    sha256: c8cc8af8b8a71177ac9358888b5d8915a6bb0b80a7055fb70c7a3f56e6263cd1
  original: nightly-2020-07-04
