# This file was autogenerated by Stack.
# You should not edit this file by hand.
# For more information, please see the documentation at:
#   https://docs.haskellstack.org/en/stable/lock_files

packages:
- completed:
    subdir: package
    name: sparse-tensor
    version: '0.3'
    git: https://github.com/nilsalex/sparse-tensor.git
    pantry-tree:
      size: 1358
      sha256: e2aa90af010e4718e437a852e7da403a244632a9cdfa652a0638db768dc1676c
    commit: a98decfe923ba896e258cd0d406664219e7b8e40
  original:
    subdir: package
    git: https://github.com/nilsalex/sparse-tensor.git
    commit: a98decfe923ba896e258cd0d406664219e7b8e40
snapshots:
- completed:
    size: 506369
    url: https://raw.githubusercontent.com/commercialhaskell/stackage-snapshots/master/nightly/2020/7/4.yaml
    sha256: c8cc8af8b8a71177ac9358888b5d8915a6bb0b80a7055fb70c7a3f56e6263cd1
  original: nightly-2020-07-04
