# This file was autogenerated by Stack.
# You should not edit this file by hand.
# For more information, please see the documentation at:
#   https://docs.haskellstack.org/en/stable/lock_files

packages: []
snapshots:
- completed:
    size: 506369
    url: https://raw.githubusercontent.com/commercialhaskell/stackage-snapshots/master/nightly/2020/7/4.yaml
    sha256: c8cc8af8b8a71177ac9358888b5d8915a6bb0b80a7055fb70c7a3f56e6263cd1
  original: nightly-2020-07-04
