# This file was autogenerated by Stack.
# You should not edit this file by hand.
# For more information, please see the documentation at:
#   https://docs.haskellstack.org/en/stable/lock_files

packages: []
snapshots:
- completed:
    size: 568887
    url: https://raw.githubusercontent.com/commercialhaskell/stackage-snapshots/master/nightly/2021/2/27.yaml
    sha256: e753860a88b2abb808fdfa9a191d7f331cbf62da78f2951d20cb1fe91fbc5f50
  original: nightly-2021-02-27
